
Microsoft Visual Studio Solution File, Format Version 12.00
# Visual Studio Version 16
VisualStudioVersion = 16.0.29613.14
MinimumVisualStudioVersion = 10.0.40219.1
Project("{FAE04EC0-301F-11D3-BF4B-00C04F79EFBC}") = "ChatClientSocket", "ChatClientSocket\ChatClientSocket.csproj", "{39C20AEE-31EE-4519-8280-07DB90E9BD42}"
EndProject
Project("{FAE04EC0-301F-11D3-BF4B-00C04F79EFBC}") = "DiffieHellman", "..\DiffieHellman\DiffieHellman\DiffieHellman.csproj", "{ABAEA75E-FDCF-4128-A60D-3F0DBFF058D1}"
EndProject
Project("{FAE04EC0-301F-11D3-BF4B-00C04F79EFBC}") = "DataSecurityPractice2", "..\DataSecurityPractice2\DataSecurityPractice2\DataSecurityPractice2.csproj", "{B6AADC76-A4F9-4972-AA17-0D196356B95F}"
EndProject
Global
	GlobalSection(SolutionConfigurationPlatforms) = preSolution
		Debug|Any CPU = Debug|Any CPU
		Release|Any CPU = Release|Any CPU
	EndGlobalSection
	GlobalSection(ProjectConfigurationPlatforms) = postSolution
		{39C20AEE-31EE-4519-8280-07DB90E9BD42}.Debug|Any CPU.ActiveCfg = Debug|Any CPU
		{39C20AEE-31EE-4519-8280-07DB90E9BD42}.Debug|Any CPU.Build.0 = Debug|Any CPU
		{39C20AEE-31EE-4519-8280-07DB90E9BD42}.Release|Any CPU.ActiveCfg = Release|Any CPU
		{39C20AEE-31EE-4519-8280-07DB90E9BD42}.Release|Any CPU.Build.0 = Release|Any CPU
		{ABAEA75E-FDCF-4128-A60D-3F0DBFF058D1}.Debug|Any CPU.ActiveCfg = Debug|Any CPU
		{ABAEA75E-FDCF-4128-A60D-3F0DBFF058D1}.Debug|Any CPU.Build.0 = Debug|Any CPU
		{ABAEA75E-FDCF-4128-A60D-3F0DBFF058D1}.Release|Any CPU.ActiveCfg = Release|Any CPU
		{ABAEA75E-FDCF-4128-A60D-3F0DBFF058D1}.Release|Any CPU.Build.0 = Release|Any CPU
		{B6AADC76-A4F9-4972-AA17-0D196356B95F}.Debug|Any CPU.ActiveCfg = Debug|Any CPU
		{B6AADC76-A4F9-4972-AA17-0D196356B95F}.Debug|Any CPU.Build.0 = Debug|Any CPU
		{B6AADC76-A4F9-4972-AA17-0D196356B95F}.Release|Any CPU.ActiveCfg = Release|Any CPU
		{B6AADC76-A4F9-4972-AA17-0D196356B95F}.Release|Any CPU.Build.0 = Release|Any CPU
	EndGlobalSection
	GlobalSection(SolutionProperties) = preSolution
		HideSolutionNode = FALSE
	EndGlobalSection
	GlobalSection(ExtensibilityGlobals) = postSolution
		SolutionGuid = {007F456B-19BE-45E5-AD46-C686F2A4D616}
	EndGlobalSection
EndGlobal
